
Microsoft Visual Studio Solution File, Format Version 12.00
# Visual Studio Version 16
VisualStudioVersion = 16.0.30611.23
MinimumVisualStudioVersion = 10.0.40219.1
Project("{FAE04EC0-301F-11D3-BF4B-00C04F79EFBC}") = "tryHttpPrint2", "tryHttpPrint2.csproj", "{C4EA4AC7-02E1-4066-B282-BFDB1292F5FE}"
EndProject
Global
	GlobalSection(SolutionConfigurationPlatforms) = preSolution
		Debug|Any CPU = Debug|Any CPU
		Release|Any CPU = Release|Any CPU
	EndGlobalSection
	GlobalSection(ProjectConfigurationPlatforms) = postSolution
		{C4EA4AC7-02E1-4066-B282-BFDB1292F5FE}.Debug|Any CPU.ActiveCfg = Debug|Any CPU
		{C4EA4AC7-02E1-4066-B282-BFDB1292F5FE}.Debug|Any CPU.Build.0 = Debug|Any CPU
		{C4EA4AC7-02E1-4066-B282-BFDB1292F5FE}.Release|Any CPU.ActiveCfg = Release|Any CPU
		{C4EA4AC7-02E1-4066-B282-BFDB1292F5FE}.Release|Any CPU.Build.0 = Release|Any CPU
	EndGlobalSection
	GlobalSection(SolutionProperties) = preSolution
		HideSolutionNode = FALSE
	EndGlobalSection
	GlobalSection(ExtensibilityGlobals) = postSolution
		SolutionGuid = {E55955A1-A0B3-434E-A9D8-8AACE9F46BA9}
	EndGlobalSection
EndGlobal
